
Microsoft Visual Studio Solution File, Format Version 12.00
# Visual Studio Version 17
VisualStudioVersion = 17.9.34616.47
MinimumVisualStudioVersion = 10.0.40219.1
Project("{2150E333-8FDC-42A3-9474-1A3956D46DE8}") = "Services", "Services", "{61E5D6A9-FACA-4A91-8359-4846B671A083}"
EndProject
Project("{2150E333-8FDC-42A3-9474-1A3956D46DE8}") = "OrderService", "OrderService", "{77A362A8-B5EC-40A1-AE33-5E20913680DA}"
EndProject
Project("{2150E333-8FDC-42A3-9474-1A3956D46DE8}") = "PortfolioService", "PortfolioService", "{83D95CB5-63CD-45A3-B241-BC8D62C97987}"
EndProject
Project("{2150E333-8FDC-42A3-9474-1A3956D46DE8}") = "PriceService", "PriceService", "{EC04E306-DF71-4B38-9E84-4A3AA9A5365C}"
EndProject
Project("{2150E333-8FDC-42A3-9474-1A3956D46DE8}") = "Common", "Common", "{A8469A0B-3424-4545-81B1-2339A03484F0}"
EndProject
Project("{9A19103F-16F7-4668-BE54-9A1E7A4F7556}") = "PriceService.Test", "Services\PriceService\PriceService.Test\PriceService.Test.csproj", "{27EDF95A-2ADE-468E-8667-45922977F4C5}"
EndProject
Project("{9A19103F-16F7-4668-BE54-9A1E7A4F7556}") = "PriceService.Service", "Services\PriceService\PriceService.Service\PriceService.Service.csproj", "{74871851-0171-46DB-814B-C3DD187BDAFF}"
EndProject
Project("{9A19103F-16F7-4668-BE54-9A1E7A4F7556}") = "PriceService.API", "Services\PriceService\PriceService\PriceService.API.csproj", "{C503C48A-2103-4020-ADD1-DB35F90D7D46}"
EndProject
Project("{9A19103F-16F7-4668-BE54-9A1E7A4F7556}") = "OrderService.API", "Services\OrderService\OrderService\OrderService.API.csproj", "{56CF96A7-1D58-4BCD-AFC4-45D73B702F22}"
EndProject
Project("{9A19103F-16F7-4668-BE54-9A1E7A4F7556}") = "OrderService.Persistence", "Services\OrderService\OrderService.Persistence\OrderService.Persistence.csproj", "{24E07BBE-83D5-4F48-9ABD-AE7219A2E51D}"
EndProject
Project("{9A19103F-16F7-4668-BE54-9A1E7A4F7556}") = "OrderService.Service", "Services\OrderService\OrderService.Service\OrderService.Service.csproj", "{F64589D2-D1D6-4E00-A46F-B3B3176E261E}"
EndProject
Project("{9A19103F-16F7-4668-BE54-9A1E7A4F7556}") = "OrderService.Test", "Services\OrderService\OrderService.Test\OrderService.Test.csproj", "{B4ACA06B-5C81-4455-B646-809D57E437C3}"
EndProject
Project("{9A19103F-16F7-4668-BE54-9A1E7A4F7556}") = "PortfolioService.API", "Services\PortfolioService\PortfolioService\PortfolioService.API.csproj", "{E8F157E7-2896-4E00-A1DB-94545155EDB6}"
EndProject
Project("{9A19103F-16F7-4668-BE54-9A1E7A4F7556}") = "PortfolioService.Persistence", "Services\PortfolioService\PortfolioService.Persistence\PortfolioService.Persistence.csproj", "{93D59373-C6AC-4D35-AE08-7706D318AA9F}"
EndProject
Project("{9A19103F-16F7-4668-BE54-9A1E7A4F7556}") = "PortfolioService.Service", "Services\PortfolioService\PortfolioService.Service\PortfolioService.Service.csproj", "{3FE385B0-6801-4EFB-966D-E976DFAF0759}"
EndProject
Project("{9A19103F-16F7-4668-BE54-9A1E7A4F7556}") = "PortfolioService.Test", "Services\PortfolioService\PortfolioService.Test\PortfolioService.Test.csproj", "{BFFF6F0F-034F-4647-97F9-69DC9766A9DE}"
EndProject
Project("{9A19103F-16F7-4668-BE54-9A1E7A4F7556}") = "Redis", "Redis\Redis.csproj", "{50323E61-C116-4885-BE5C-0BDB3643C389}"
EndProject
Global
	GlobalSection(SolutionConfigurationPlatforms) = preSolution
		Debug|Any CPU = Debug|Any CPU
		Release|Any CPU = Release|Any CPU
	EndGlobalSection
	GlobalSection(ProjectConfigurationPlatforms) = postSolution
		{27EDF95A-2ADE-468E-8667-45922977F4C5}.Debug|Any CPU.ActiveCfg = Debug|Any CPU
		{27EDF95A-2ADE-468E-8667-45922977F4C5}.Debug|Any CPU.Build.0 = Debug|Any CPU
		{27EDF95A-2ADE-468E-8667-45922977F4C5}.Release|Any CPU.ActiveCfg = Release|Any CPU
		{27EDF95A-2ADE-468E-8667-45922977F4C5}.Release|Any CPU.Build.0 = Release|Any CPU
		{74871851-0171-46DB-814B-C3DD187BDAFF}.Debug|Any CPU.ActiveCfg = Debug|Any CPU
		{74871851-0171-46DB-814B-C3DD187BDAFF}.Debug|Any CPU.Build.0 = Debug|Any CPU
		{74871851-0171-46DB-814B-C3DD187BDAFF}.Release|Any CPU.ActiveCfg = Release|Any CPU
		{74871851-0171-46DB-814B-C3DD187BDAFF}.Release|Any CPU.Build.0 = Release|Any CPU
		{C503C48A-2103-4020-ADD1-DB35F90D7D46}.Debug|Any CPU.ActiveCfg = Debug|Any CPU
		{C503C48A-2103-4020-ADD1-DB35F90D7D46}.Debug|Any CPU.Build.0 = Debug|Any CPU
		{C503C48A-2103-4020-ADD1-DB35F90D7D46}.Release|Any CPU.ActiveCfg = Release|Any CPU
		{C503C48A-2103-4020-ADD1-DB35F90D7D46}.Release|Any CPU.Build.0 = Release|Any CPU
		{56CF96A7-1D58-4BCD-AFC4-45D73B702F22}.Debug|Any CPU.ActiveCfg = Debug|Any CPU
		{56CF96A7-1D58-4BCD-AFC4-45D73B702F22}.Debug|Any CPU.Build.0 = Debug|Any CPU
		{56CF96A7-1D58-4BCD-AFC4-45D73B702F22}.Release|Any CPU.ActiveCfg = Release|Any CPU
		{56CF96A7-1D58-4BCD-AFC4-45D73B702F22}.Release|Any CPU.Build.0 = Release|Any CPU
		{24E07BBE-83D5-4F48-9ABD-AE7219A2E51D}.Debug|Any CPU.ActiveCfg = Debug|Any CPU
		{24E07BBE-83D5-4F48-9ABD-AE7219A2E51D}.Debug|Any CPU.Build.0 = Debug|Any CPU
		{24E07BBE-83D5-4F48-9ABD-AE7219A2E51D}.Release|Any CPU.ActiveCfg = Release|Any CPU
		{24E07BBE-83D5-4F48-9ABD-AE7219A2E51D}.Release|Any CPU.Build.0 = Release|Any CPU
		{F64589D2-D1D6-4E00-A46F-B3B3176E261E}.Debug|Any CPU.ActiveCfg = Debug|Any CPU
		{F64589D2-D1D6-4E00-A46F-B3B3176E261E}.Debug|Any CPU.Build.0 = Debug|Any CPU
		{F64589D2-D1D6-4E00-A46F-B3B3176E261E}.Release|Any CPU.ActiveCfg = Release|Any CPU
		{F64589D2-D1D6-4E00-A46F-B3B3176E261E}.Release|Any CPU.Build.0 = Release|Any CPU
		{B4ACA06B-5C81-4455-B646-809D57E437C3}.Debug|Any CPU.ActiveCfg = Debug|Any CPU
		{B4ACA06B-5C81-4455-B646-809D57E437C3}.Debug|Any CPU.Build.0 = Debug|Any CPU
		{B4ACA06B-5C81-4455-B646-809D57E437C3}.Release|Any CPU.ActiveCfg = Release|Any CPU
		{B4ACA06B-5C81-4455-B646-809D57E437C3}.Release|Any CPU.Build.0 = Release|Any CPU
		{E8F157E7-2896-4E00-A1DB-94545155EDB6}.Debug|Any CPU.ActiveCfg = Debug|Any CPU
		{E8F157E7-2896-4E00-A1DB-94545155EDB6}.Debug|Any CPU.Build.0 = Debug|Any CPU
		{E8F157E7-2896-4E00-A1DB-94545155EDB6}.Release|Any CPU.ActiveCfg = Release|Any CPU
		{E8F157E7-2896-4E00-A1DB-94545155EDB6}.Release|Any CPU.Build.0 = Release|Any CPU
		{93D59373-C6AC-4D35-AE08-7706D318AA9F}.Debug|Any CPU.ActiveCfg = Debug|Any CPU
		{93D59373-C6AC-4D35-AE08-7706D318AA9F}.Debug|Any CPU.Build.0 = Debug|Any CPU
		{93D59373-C6AC-4D35-AE08-7706D318AA9F}.Release|Any CPU.ActiveCfg = Release|Any CPU
		{93D59373-C6AC-4D35-AE08-7706D318AA9F}.Release|Any CPU.Build.0 = Release|Any CPU
		{3FE385B0-6801-4EFB-966D-E976DFAF0759}.Debug|Any CPU.ActiveCfg = Debug|Any CPU
		{3FE385B0-6801-4EFB-966D-E976DFAF0759}.Debug|Any CPU.Build.0 = Debug|Any CPU
		{3FE385B0-6801-4EFB-966D-E976DFAF0759}.Release|Any CPU.ActiveCfg = Release|Any CPU
		{3FE385B0-6801-4EFB-966D-E976DFAF0759}.Release|Any CPU.Build.0 = Release|Any CPU
		{BFFF6F0F-034F-4647-97F9-69DC9766A9DE}.Debug|Any CPU.ActiveCfg = Debug|Any CPU
		{BFFF6F0F-034F-4647-97F9-69DC9766A9DE}.Debug|Any CPU.Build.0 = Debug|Any CPU
		{BFFF6F0F-034F-4647-97F9-69DC9766A9DE}.Release|Any CPU.ActiveCfg = Release|Any CPU
		{BFFF6F0F-034F-4647-97F9-69DC9766A9DE}.Release|Any CPU.Build.0 = Release|Any CPU
		{50323E61-C116-4885-BE5C-0BDB3643C389}.Debug|Any CPU.ActiveCfg = Debug|Any CPU
		{50323E61-C116-4885-BE5C-0BDB3643C389}.Debug|Any CPU.Build.0 = Debug|Any CPU
		{50323E61-C116-4885-BE5C-0BDB3643C389}.Release|Any CPU.ActiveCfg = Release|Any CPU
		{50323E61-C116-4885-BE5C-0BDB3643C389}.Release|Any CPU.Build.0 = Release|Any CPU
	EndGlobalSection
	GlobalSection(SolutionProperties) = preSolution
		HideSolutionNode = FALSE
	EndGlobalSection
	GlobalSection(NestedProjects) = preSolution
		{77A362A8-B5EC-40A1-AE33-5E20913680DA} = {61E5D6A9-FACA-4A91-8359-4846B671A083}
		{83D95CB5-63CD-45A3-B241-BC8D62C97987} = {61E5D6A9-FACA-4A91-8359-4846B671A083}
		{EC04E306-DF71-4B38-9E84-4A3AA9A5365C} = {61E5D6A9-FACA-4A91-8359-4846B671A083}
		{27EDF95A-2ADE-468E-8667-45922977F4C5} = {EC04E306-DF71-4B38-9E84-4A3AA9A5365C}
		{74871851-0171-46DB-814B-C3DD187BDAFF} = {EC04E306-DF71-4B38-9E84-4A3AA9A5365C}
		{C503C48A-2103-4020-ADD1-DB35F90D7D46} = {EC04E306-DF71-4B38-9E84-4A3AA9A5365C}
		{56CF96A7-1D58-4BCD-AFC4-45D73B702F22} = {77A362A8-B5EC-40A1-AE33-5E20913680DA}
		{24E07BBE-83D5-4F48-9ABD-AE7219A2E51D} = {77A362A8-B5EC-40A1-AE33-5E20913680DA}
		{F64589D2-D1D6-4E00-A46F-B3B3176E261E} = {77A362A8-B5EC-40A1-AE33-5E20913680DA}
		{B4ACA06B-5C81-4455-B646-809D57E437C3} = {77A362A8-B5EC-40A1-AE33-5E20913680DA}
		{E8F157E7-2896-4E00-A1DB-94545155EDB6} = {83D95CB5-63CD-45A3-B241-BC8D62C97987}
		{93D59373-C6AC-4D35-AE08-7706D318AA9F} = {83D95CB5-63CD-45A3-B241-BC8D62C97987}
		{3FE385B0-6801-4EFB-966D-E976DFAF0759} = {83D95CB5-63CD-45A3-B241-BC8D62C97987}
		{BFFF6F0F-034F-4647-97F9-69DC9766A9DE} = {83D95CB5-63CD-45A3-B241-BC8D62C97987}
		{50323E61-C116-4885-BE5C-0BDB3643C389} = {A8469A0B-3424-4545-81B1-2339A03484F0}
	EndGlobalSection
	GlobalSection(ExtensibilityGlobals) = postSolution
		SolutionGuid = {86115AEB-5B84-477C-9D0F-5701B0B7B2DB}
	EndGlobalSection
EndGlobal
